dependencies:
- name: connect
  repository: https://1password.github.io/connect-helm-charts
  version: 1.9.0
- name: secure_ingress
  repository: https://nexus-craigmiller160.ddns.net/repository/helm-private
  version: 1.0.0
digest: sha256:6793e7f03d809d59ff4ad1f694fe3550e5c4d7f93154aad1c9a6aff281d822a8
generated: "2022-12-30T09:22:16.200007-05:00"
